
Microsoft Visual Studio Solution File, Format Version 12.00
# Visual Studio Version 16
VisualStudioVersion = 16.0.31129.286
MinimumVisualStudioVersion = 10.0.40219.1
Project("{9A19103F-16F7-4668-BE54-9A1E7A4F7556}") = "DecisionTech.BasketPriceCalculator.Specs", "DecisionTech.BasketPriceCalculator.Specs\DecisionTech.BasketPriceCalculator.Specs.csproj", "{86EB474E-73DD-48C3-A682-25E5B148EC37}"
EndProject
Project("{9A19103F-16F7-4668-BE54-9A1E7A4F7556}") = "DecisionTech.BasketPriceCalculator.UnitTests", "DecisionTech.BasketPriceCalculator.UnitTests\DecisionTech.BasketPriceCalculator.UnitTests.csproj", "{0A9D3CB0-A2BD-4B23-97C1-84C53DDEDF72}"
EndProject
Project("{9A19103F-16F7-4668-BE54-9A1E7A4F7556}") = "DecisionTech.BasketPriceCalculator", "DecisionTech.BasketPriceCalculator\DecisionTech.BasketPriceCalculator.csproj", "{2441A28A-9416-4C95-87C9-DBD28B442D28}"
EndProject
Global
	GlobalSection(SolutionConfigurationPlatforms) = preSolution
		Debug|Any CPU = Debug|Any CPU
		Release|Any CPU = Release|Any CPU
	EndGlobalSection
	GlobalSection(ProjectConfigurationPlatforms) = postSolution
		{86EB474E-73DD-48C3-A682-25E5B148EC37}.Debug|Any CPU.ActiveCfg = Debug|Any CPU
		{86EB474E-73DD-48C3-A682-25E5B148EC37}.Debug|Any CPU.Build.0 = Debug|Any CPU
		{86EB474E-73DD-48C3-A682-25E5B148EC37}.Release|Any CPU.ActiveCfg = Release|Any CPU
		{86EB474E-73DD-48C3-A682-25E5B148EC37}.Release|Any CPU.Build.0 = Release|Any CPU
		{0A9D3CB0-A2BD-4B23-97C1-84C53DDEDF72}.Debug|Any CPU.ActiveCfg = Debug|Any CPU
		{0A9D3CB0-A2BD-4B23-97C1-84C53DDEDF72}.Debug|Any CPU.Build.0 = Debug|Any CPU
		{0A9D3CB0-A2BD-4B23-97C1-84C53DDEDF72}.Release|Any CPU.ActiveCfg = Release|Any CPU
		{0A9D3CB0-A2BD-4B23-97C1-84C53DDEDF72}.Release|Any CPU.Build.0 = Release|Any CPU
		{2441A28A-9416-4C95-87C9-DBD28B442D28}.Debug|Any CPU.ActiveCfg = Debug|Any CPU
		{2441A28A-9416-4C95-87C9-DBD28B442D28}.Debug|Any CPU.Build.0 = Debug|Any CPU
		{2441A28A-9416-4C95-87C9-DBD28B442D28}.Release|Any CPU.ActiveCfg = Release|Any CPU
		{2441A28A-9416-4C95-87C9-DBD28B442D28}.Release|Any CPU.Build.0 = Release|Any CPU
	EndGlobalSection
	GlobalSection(SolutionProperties) = preSolution
		HideSolutionNode = FALSE
	EndGlobalSection
	GlobalSection(ExtensibilityGlobals) = postSolution
		SolutionGuid = {1D297AB2-5747-4D32-A345-3BA069BA23AF}
	EndGlobalSection
EndGlobal
